
Microsoft Visual Studio Solution File, Format Version 12.00
# Visual Studio Version 17
VisualStudioVersion = 17.8.34511.84
MinimumVisualStudioVersion = 10.0.40219.1
Project("{8BC9CEB8-8B4A-11D0-8D11-00A0C91BC942}") = "IPcalc", "IPcalc\IPcalc.vcxproj", "{C52CE622-815A-4624-9353-27A407DAE5C1}"
EndProject
Project("{8BC9CEB8-8B4A-11D0-8D11-00A0C91BC942}") = "WinSockClient", "WinSockClient\WinSockClient.vcxproj", "{DC14CEF6-4CBC-40E1-93BE-0B04CD3B34D4}"
EndProject
Project("{8BC9CEB8-8B4A-11D0-8D11-00A0C91BC942}") = "WinSockServer", "WinSockServer\WinSockServer.vcxproj", "{026621E8-9690-49F0-9F2E-555199693427}"
EndProject
Global
	GlobalSection(SolutionConfigurationPlatforms) = preSolution
		Debug|Any CPU = Debug|Any CPU
		Debug|x64 = Debug|x64
		Debug|x86 = Debug|x86
		Release|Any CPU = Release|Any CPU
		Release|x64 = Release|x64
		Release|x86 = Release|x86
	EndGlobalSection
	GlobalSection(ProjectConfigurationPlatforms) = postSolution
		{C52CE622-815A-4624-9353-27A407DAE5C1}.Debug|Any CPU.ActiveCfg = Debug|x64
		{C52CE622-815A-4624-9353-27A407DAE5C1}.Debug|Any CPU.Build.0 = Debug|x64
		{C52CE622-815A-4624-9353-27A407DAE5C1}.Debug|x64.ActiveCfg = Debug|x64
		{C52CE622-815A-4624-9353-27A407DAE5C1}.Debug|x64.Build.0 = Debug|x64
		{C52CE622-815A-4624-9353-27A407DAE5C1}.Debug|x86.ActiveCfg = Debug|Win32
		{C52CE622-815A-4624-9353-27A407DAE5C1}.Debug|x86.Build.0 = Debug|Win32
		{C52CE622-815A-4624-9353-27A407DAE5C1}.Release|Any CPU.ActiveCfg = Release|x64
		{C52CE622-815A-4624-9353-27A407DAE5C1}.Release|Any CPU.Build.0 = Release|x64
		{C52CE622-815A-4624-9353-27A407DAE5C1}.Release|x64.ActiveCfg = Release|x64
		{C52CE622-815A-4624-9353-27A407DAE5C1}.Release|x64.Build.0 = Release|x64
		{C52CE622-815A-4624-9353-27A407DAE5C1}.Release|x86.ActiveCfg = Release|Win32
		{C52CE622-815A-4624-9353-27A407DAE5C1}.Release|x86.Build.0 = Release|Win32
		{DC14CEF6-4CBC-40E1-93BE-0B04CD3B34D4}.Debug|Any CPU.ActiveCfg = Debug|x64
		{DC14CEF6-4CBC-40E1-93BE-0B04CD3B34D4}.Debug|Any CPU.Build.0 = Debug|x64
		{DC14CEF6-4CBC-40E1-93BE-0B04CD3B34D4}.Debug|x64.ActiveCfg = Debug|x64
		{DC14CEF6-4CBC-40E1-93BE-0B04CD3B34D4}.Debug|x64.Build.0 = Debug|x64
		{DC14CEF6-4CBC-40E1-93BE-0B04CD3B34D4}.Debug|x86.ActiveCfg = Debug|Win32
		{DC14CEF6-4CBC-40E1-93BE-0B04CD3B34D4}.Debug|x86.Build.0 = Debug|Win32
		{DC14CEF6-4CBC-40E1-93BE-0B04CD3B34D4}.Release|Any CPU.ActiveCfg = Release|x64
		{DC14CEF6-4CBC-40E1-93BE-0B04CD3B34D4}.Release|Any CPU.Build.0 = Release|x64
		{DC14CEF6-4CBC-40E1-93BE-0B04CD3B34D4}.Release|x64.ActiveCfg = Release|x64
		{DC14CEF6-4CBC-40E1-93BE-0B04CD3B34D4}.Release|x64.Build.0 = Release|x64
		{DC14CEF6-4CBC-40E1-93BE-0B04CD3B34D4}.Release|x86.ActiveCfg = Release|Win32
		{DC14CEF6-4CBC-40E1-93BE-0B04CD3B34D4}.Release|x86.Build.0 = Release|Win32
		{026621E8-9690-49F0-9F2E-555199693427}.Debug|Any CPU.ActiveCfg = Debug|x64
		{026621E8-9690-49F0-9F2E-555199693427}.Debug|Any CPU.Build.0 = Debug|x64
		{026621E8-9690-49F0-9F2E-555199693427}.Debug|x64.ActiveCfg = Debug|x64
		{026621E8-9690-49F0-9F2E-555199693427}.Debug|x64.Build.0 = Debug|x64
		{026621E8-9690-49F0-9F2E-555199693427}.Debug|x86.ActiveCfg = Debug|Win32
		{026621E8-9690-49F0-9F2E-555199693427}.Debug|x86.Build.0 = Debug|Win32
		{026621E8-9690-49F0-9F2E-555199693427}.Release|Any CPU.ActiveCfg = Release|x64
		{026621E8-9690-49F0-9F2E-555199693427}.Release|Any CPU.Build.0 = Release|x64
		{026621E8-9690-49F0-9F2E-555199693427}.Release|x64.ActiveCfg = Release|x64
		{026621E8-9690-49F0-9F2E-555199693427}.Release|x64.Build.0 = Release|x64
		{026621E8-9690-49F0-9F2E-555199693427}.Release|x86.ActiveCfg = Release|Win32
		{026621E8-9690-49F0-9F2E-555199693427}.Release|x86.Build.0 = Release|Win32
	EndGlobalSection
	GlobalSection(SolutionProperties) = preSolution
		HideSolutionNode = FALSE
	EndGlobalSection
	GlobalSection(ExtensibilityGlobals) = postSolution
		SolutionGuid = {EF70B63F-F2FF-4641-ACC2-246F61964121}
	EndGlobalSection
EndGlobal
